{
  "name": "TCC-Cinelosofia-com-novo-c-digo",
  "lockfileVersion": 3,
  "requires": true,
  "packages": {
    "": {
      "dependencies": {
        "@getbrevo/brevo": "^6.0.3"
      }
    },
    "node_modules/@getbrevo/brevo": {
      "version": "6.0.3",
      "resolved": "https://registry.npmjs.org/@getbrevo/brevo/-/brevo-6.0.3.tgz",
      "integrity": "sha512-yWBLKoHC8P5HLZ8z6iRuqDYLpCRKPTUETnZOLZzNDWGFYL78y4SHOTxQVrKH5ROX7f4q+SQ19LD3GWtJlIuNXA==",
      "engines": {
        "node": ">=18.0.0"
      }
    }
  }
}
